
Microsoft Visual Studio Solution File, Format Version 12.00
# Visual Studio Version 16
VisualStudioVersion = 16.0.32126.315
MinimumVisualStudioVersion = 10.0.40219.1
Project("{FAE04EC0-301F-11D3-BF4B-00C04F79EFBC}") = "Kółko i krzyżyk", "Kółko i krzyżyk\Kółko i krzyżyk.csproj", "{B5F2C598-3E67-4106-B467-450A014F30A7}"
EndProject
Global
	GlobalSection(SolutionConfigurationPlatforms) = preSolution
		Debug|Any CPU = Debug|Any CPU
		Release|Any CPU = Release|Any CPU
	EndGlobalSection
	GlobalSection(ProjectConfigurationPlatforms) = postSolution
		{B5F2C598-3E67-4106-B467-450A014F30A7}.Debug|Any CPU.ActiveCfg = Debug|Any CPU
		{B5F2C598-3E67-4106-B467-450A014F30A7}.Debug|Any CPU.Build.0 = Debug|Any CPU
		{B5F2C598-3E67-4106-B467-450A014F30A7}.Release|Any CPU.ActiveCfg = Release|Any CPU
		{B5F2C598-3E67-4106-B467-450A014F30A7}.Release|Any CPU.Build.0 = Release|Any CPU
	EndGlobalSection
	GlobalSection(SolutionProperties) = preSolution
		HideSolutionNode = FALSE
	EndGlobalSection
	GlobalSection(ExtensibilityGlobals) = postSolution
		SolutionGuid = {848DD8A3-B103-41DF-82D0-FB63E89EB189}
	EndGlobalSection
EndGlobal
